# This file is automatically @generated by Cargo.
# It is not intended for manual editing.
version = 4

[[package]]
name = "slither-wars-server"
version = "0.1.0"
dependencies = [
 "slither_common",
 "slither_protocal",
]

[[package]]
name = "slither_common"
version = "0.1.0"

[[package]]
name = "slither_protocal"
version = "0.1.0"
